
Microsoft Visual Studio Solution File, Format Version 12.00
# Visual Studio Version 16
VisualStudioVersion = 16.0.31025.194
MinimumVisualStudioVersion = 10.0.40219.1
Project("{FAE04EC0-301F-11D3-BF4B-00C04F79EFBC}") = "LeetCodeJanuary2021", "LeetCodeJanuary2021\LeetCodeJanuary2021.csproj", "{19C63277-6725-42BB-BE65-43BE2FB914AA}"
EndProject
Global
	GlobalSection(SolutionConfigurationPlatforms) = preSolution
		Debug|Any CPU = Debug|Any CPU
		Release|Any CPU = Release|Any CPU
	EndGlobalSection
	GlobalSection(ProjectConfigurationPlatforms) = postSolution
		{19C63277-6725-42BB-BE65-43BE2FB914AA}.Debug|Any CPU.ActiveCfg = Debug|Any CPU
		{19C63277-6725-42BB-BE65-43BE2FB914AA}.Debug|Any CPU.Build.0 = Debug|Any CPU
		{19C63277-6725-42BB-BE65-43BE2FB914AA}.Release|Any CPU.ActiveCfg = Release|Any CPU
		{19C63277-6725-42BB-BE65-43BE2FB914AA}.Release|Any CPU.Build.0 = Release|Any CPU
	EndGlobalSection
	GlobalSection(SolutionProperties) = preSolution
		HideSolutionNode = FALSE
	EndGlobalSection
	GlobalSection(ExtensibilityGlobals) = postSolution
		SolutionGuid = {AA65C36C-3615-4F0E-8E48-0B36A5C40DCA}
	EndGlobalSection
EndGlobal
